# This file is autogenerated, do not edit; changes may be undone by the next 'dep ensure'.


[[projects]]
  digest = "1:55388fd080150b9a072912f97b1f5891eb0b50df43401f8b75fb4273d3fec9fc"
  name = "github.com/Masterminds/semver"
  packages = ["."]
  pruneopts = "UT"
  revision = "c7af12943936e8c39859482e61f0574c2fd7fc75"
  version = "v1.4.2"

[[projects]]
  digest = "1:d6afaeed1502aa28e80a4ed0981d570ad91b2579193404256ce672ed0a609e0d"
  name = "github.com/beorn7/perks"
  packages = ["quantile"]
  pruneopts = "UT"
  revision = "37c8de3658fcb183f997c4e13e8337516ab753e6"
  version = "v1.0.1"

[[projects]]
  digest = "1:14911637333ecf5fcf9ac0bf13b57d9d56230abfb95e5ec280c2b3dcda0e0ad8"
  name = "github.com/go-kit/kit"
  packages = [
    "endpoint",
    "log",
    "metrics",
    "metrics/internal/lv",
    "metrics/prometheus",
    "transport",
    "transport/http",
  ]
  pruneopts = "UT"
  revision = "150a65a7ec6156b4b640c1fd55f26fd3d475d656"
  version = "v0.9.0"

[[projects]]
  digest = "1:4062bc6de62d73e2be342243cf138cf499b34d558876db8d9430e2149388a4d8"
  name = "github.com/go-logfmt/logfmt"
  packages = ["."]
  pruneopts = "UT"
  revision = "07c9b44f60d7ffdfb7d8efe1ad539965737836dc"
  version = "v0.4.0"

[[projects]]
  digest = "1:573ca21d3669500ff845bdebee890eb7fc7f0f50c59f2132f2a0c6b03d85086a"
  name = "github.com/golang/protobuf"
  packages = ["proto"]
  pruneopts = "UT"
  revision = "6c65a5562fc06764971b7c5d05c76c75e84bdbf7"
  version = "v1.3.2"

[[projects]]
  digest = "1:cbec35fe4d5a4fba369a656a8cd65e244ea2c743007d8f6c1ccb132acf9d1296"
  name = "github.com/gorilla/mux"
  packages = ["."]
  pruneopts = "UT"
  revision = "00bdffe0f3c77e27d2cf6f5c70232a2d3e4d9c15"
  version = "v1.7.3"

[[projects]]
  branch = "master"
  digest = "1:a64e323dc06b73892e5bb5d040ced475c4645d456038333883f58934abbf6f72"
  name = "github.com/kr/logfmt"
  packages = ["."]
  pruneopts = "UT"
  revision = "b84e30acd515aadc4b783ad4ff83aff3299bdfe0"

[[projects]]
  digest = "1:ff5ebae34cfbf047d505ee150de27e60570e8c394b3b8fdbb720ff6ac71985fc"
  name = "github.com/matttproud/golang_protobuf_extensions"
  packages = ["pbutil"]
  pruneopts = "UT"
  revision = "c12348ce28de40eed0136aa2b644d0ee0650e56c"
  version = "v1.0.1"

[[projects]]
  digest = "1:eb04f69c8991e52eff33c428bd729e04208bf03235be88e4df0d88497c6861b9"
  name = "github.com/prometheus/client_golang"
  packages = [
    "prometheus",
    "prometheus/internal",
    "prometheus/promhttp",
  ]
  pruneopts = "UT"
  revision = "170205fb58decfd011f1550d4cfb737230d7ae4f"
  version = "v1.1.0"

[[projects]]
  branch = "master"
  digest = "1:2d5cd61daa5565187e1d96bae64dbbc6080dacf741448e9629c64fd93203b0d4"
  name = "github.com/prometheus/client_model"
  packages = ["go"]
  pruneopts = "UT"
  revision = "14fe0d1b01d4d5fc031dd4bec1823bd3ebbe8016"

[[projects]]
  digest = "1:8dcedf2e8f06c7f94e48267dea0bc0be261fa97b377f3ae3e87843a92a549481"
  name = "github.com/prometheus/common"
  packages = [
    "expfmt",
    "internal/bitbucket.org/ww/goautoneg",
    "model",
  ]
  pruneopts = "UT"
  revision = "31bed53e4047fd6c510e43a941f90cb31be0972a"
  version = "v0.6.0"

[[projects]]
  digest = "1:366f5aa02ff6c1e2eccce9ca03a22a6d983da89eecff8a89965401764534eb7c"
  name = "github.com/prometheus/procfs"
  packages = [
    ".",
    "internal/fs",
  ]
  pruneopts = "UT"
  revision = "3f98efb27840a48a7a2898ec80be07674d19f9c8"
  version = "v0.0.3"

[[projects]]
  branch = "master"
  digest = "1:29fbe59f1e81b410505b4406f5bbc6f46c2c94d361992325db2d68dce51f1ca7"
  name = "golang.org/x/sys"
  packages = ["windows"]
  pruneopts = "UT"
  revision = "fde4db37ae7ad8191b03d30d27f258b5291ae4e3"

[solve-meta]
  analyzer-name = "dep"
  analyzer-version = 1
  input-imports = [
    "github.com/Masterminds/semver",
    "github.com/go-kit/kit/endpoint",
    "github.com/go-kit/kit/log",
    "github.com/go-kit/kit/metrics",
    "github.com/go-kit/kit/metrics/prometheus",
    "github.com/go-kit/kit/transport",
    "github.com/go-kit/kit/transport/http",
    "github.com/gorilla/mux",
    "github.com/prometheus/client_golang/prometheus",
    "github.com/prometheus/client_golang/prometheus/promhttp",
  ]
  solver-name = "gps-cdcl"
  solver-version = 1
